<?xml version="1.0" encoding="utf-8"?>
<Project ToolsVersion="17.0" xmlns="http://schemas.microsoft.com/developer/msbuild/2003">
  <ItemGroup>
    <ClCompile Include="C:\Users\amigo\source\repos\LMMS\lmms\plugins\VstEffect\VstEffect.cpp">
      <Filter>Source Files</Filter>
    </ClCompile>
    <ClCompile Include="C:\Users\amigo\source\repos\LMMS\lmms\plugins\VstEffect\VstEffectControls.cpp">
      <Filter>Source Files</Filter>
    </ClCompile>
    <ClCompile Include="C:\Users\amigo\source\repos\LMMS\lmms\plugins\VstEffect\VstEffectControlDialog.cpp">
      <Filter>Source Files</Filter>
    </ClCompile>
    <ClCompile Include="C:\Users\amigo\source\repos\LMMS\lmms\plugins\VstEffect\VstSubPluginFeatures.cpp">
      <Filter>Source Files</Filter>
    </ClCompile>
    <ClCompile Include="C:\Users\amigo\source\repos\LMMS\lmms\cmake\plugins\VstEffect\moc_VstEffectControlDialog.cpp">
      <Filter>Source Files</Filter>
    </ClCompile>
    <ClCompile Include="C:\Users\amigo\source\repos\LMMS\lmms\cmake\plugins\VstEffect\moc_VstEffectControls.cpp">
      <Filter>Source Files</Filter>
    </ClCompile>
  </ItemGroup>
  <ItemGroup>
    <ClInclude Include="C:\Users\amigo\source\repos\LMMS\lmms\plugins\VstEffect\VstEffect.h">
      <Filter>Header Files</Filter>
    </ClInclude>
    <ClInclude Include="C:\Users\amigo\source\repos\LMMS\lmms\plugins\VstEffect\VstEffectControls.h">
      <Filter>Header Files</Filter>
    </ClInclude>
    <ClInclude Include="C:\Users\amigo\source\repos\LMMS\lmms\plugins\VstEffect\VstEffectControlDialog.h">
      <Filter>Header Files</Filter>
    </ClInclude>
    <ClInclude Include="C:\Users\amigo\source\repos\LMMS\lmms\plugins\VstEffect\VstSubPluginFeatures.h">
      <Filter>Header Files</Filter>
    </ClInclude>
  </ItemGroup>
  <ItemGroup>
    <CustomBuild Include="C:\Users\amigo\source\repos\LMMS\lmms\cmake\CMakeFiles\5f36d9ac9a3ed0ee6e12107828700023\embedded_resources.h.rule">
      <Filter>CMake Rules</Filter>
    </CustomBuild>
    <CustomBuild Include="C:\Users\amigo\source\repos\LMMS\lmms\cmake\CMakeFiles\5f36d9ac9a3ed0ee6e12107828700023\moc_VstEffectControlDialog.cpp.rule">
      <Filter>CMake Rules</Filter>
    </CustomBuild>
    <CustomBuild Include="C:\Users\amigo\source\repos\LMMS\lmms\cmake\CMakeFiles\5f36d9ac9a3ed0ee6e12107828700023\moc_VstEffectControls.cpp.rule">
      <Filter>CMake Rules</Filter>
    </CustomBuild>
    <CustomBuild Include="C:\Users\amigo\source\repos\LMMS\lmms\plugins\VstEffect\CMakeLists.txt" />
  </ItemGroup>
  <ItemGroup>
    <Filter Include="CMake Rules">
      <UniqueIdentifier>{A83DCC89-D78F-33A4-9C4D-F24716CDD74A}</UniqueIdentifier>
    </Filter>
    <Filter Include="Header Files">
      <UniqueIdentifier>{9F365683-3D39-36C3-A771-438F02FB97ED}</UniqueIdentifier>
    </Filter>
    <Filter Include="Source Files">
      <UniqueIdentifier>{781A3A1A-BC3A-3ACB-BD03-6FF33536870D}</UniqueIdentifier>
    </Filter>
  </ItemGroup>
</Project>
