<?xml version="1.0" encoding="utf-8"?>
<Project ToolsVersion="17.0" xmlns="http://schemas.microsoft.com/developer/msbuild/2003">
  <ItemGroup>
    <ClCompile Include="C:\Users\amigo\source\repos\LMMS\lmms\plugins\Amplifier\Amplifier.cpp">
      <Filter>Source Files</Filter>
    </ClCompile>
    <ClCompile Include="C:\Users\amigo\source\repos\LMMS\lmms\plugins\Amplifier\AmplifierControls.cpp">
      <Filter>Source Files</Filter>
    </ClCompile>
    <ClCompile Include="C:\Users\amigo\source\repos\LMMS\lmms\plugins\Amplifier\AmplifierControlDialog.cpp">
      <Filter>Source Files</Filter>
    </ClCompile>
    <ClCompile Include="C:\Users\amigo\source\repos\LMMS\lmms\cmake\plugins\Amplifier\moc_AmplifierControls.cpp">
      <Filter>Source Files</Filter>
    </ClCompile>
    <ClCompile Include="C:\Users\amigo\source\repos\LMMS\lmms\cmake\plugins\Amplifier\moc_AmplifierControlDialog.cpp">
      <Filter>Source Files</Filter>
    </ClCompile>
  </ItemGroup>
  <ItemGroup>
    <CustomBuild Include="C:\Users\amigo\source\repos\LMMS\lmms\cmake\CMakeFiles\a71c7e618d10f920becb331b95dbb4b1\embedded_resources.h.rule">
      <Filter>CMake Rules</Filter>
    </CustomBuild>
    <CustomBuild Include="C:\Users\amigo\source\repos\LMMS\lmms\cmake\CMakeFiles\a71c7e618d10f920becb331b95dbb4b1\moc_AmplifierControls.cpp.rule">
      <Filter>CMake Rules</Filter>
    </CustomBuild>
    <CustomBuild Include="C:\Users\amigo\source\repos\LMMS\lmms\cmake\CMakeFiles\a71c7e618d10f920becb331b95dbb4b1\moc_AmplifierControlDialog.cpp.rule">
      <Filter>CMake Rules</Filter>
    </CustomBuild>
    <CustomBuild Include="C:\Users\amigo\source\repos\LMMS\lmms\plugins\Amplifier\CMakeLists.txt" />
  </ItemGroup>
  <ItemGroup>
    <Filter Include="CMake Rules">
      <UniqueIdentifier>{A83DCC89-D78F-33A4-9C4D-F24716CDD74A}</UniqueIdentifier>
    </Filter>
    <Filter Include="Source Files">
      <UniqueIdentifier>{781A3A1A-BC3A-3ACB-BD03-6FF33536870D}</UniqueIdentifier>
    </Filter>
  </ItemGroup>
</Project>
