<?xml version="1.0" encoding="utf-8"?>
<Project ToolsVersion="17.0" xmlns="http://schemas.microsoft.com/developer/msbuild/2003">
  <ItemGroup>
    <ClCompile Include="C:\Users\amigo\source\repos\LMMS\lmms\plugins\LadspaEffect\swh\bode_shifter_1431.c">
      <Filter>Source Files</Filter>
    </ClCompile>
  </ItemGroup>
  <ItemGroup>
    <CustomBuild Include="C:\Users\amigo\source\repos\LMMS\lmms\plugins\LadspaEffect\swh\CMakeLists.txt" />
  </ItemGroup>
  <ItemGroup>
    <Filter Include="Source Files">
      <UniqueIdentifier>{781A3A1A-BC3A-3ACB-BD03-6FF33536870D}</UniqueIdentifier>
    </Filter>
  </ItemGroup>
</Project>
