<?xml version="1.0" encoding="utf-8"?>
<Project ToolsVersion="17.0" xmlns="http://schemas.microsoft.com/developer/msbuild/2003">
  <ItemGroup>
    <CustomBuild Include="C:\Users\amigo\source\repos\LMMS\lmms\cmake\CMakeFiles\fb5c365844d3bf1dc53e86c14b083c29\PACKAGE_force.rule">
      <Filter>CMake Rules</Filter>
    </CustomBuild>
  </ItemGroup>
  <ItemGroup>
    <Filter Include="CMake Rules">
      <UniqueIdentifier>{A83DCC89-D78F-33A4-9C4D-F24716CDD74A}</UniqueIdentifier>
    </Filter>
  </ItemGroup>
</Project>
